// !$*UTF8*$!
{
	archiveVersion = 1;
	classes = {
	};
	objectVersion = 50;
	objects = {

/* Begin PBXBuildFile section */
		96759E5A234EDDD8003A94B1 /* AppDelegate.swift in Sources */ = {isa = PBXBuildFile; fileRef = 96759E59234EDDD8003A94B1 /* AppDelegate.swift */; };
		96759E5C234EDDD9003A94B1 /* ViewController.swift in Sources */ = {isa = PBXBuildFile; fileRef = 96759E5B234EDDD9003A94B1 /* ViewController.swift */; };
		96759E5F234EDDD9003A94B1 /* Main.storyboard in Resources */ = {isa = PBXBuildFile; fileRef = 96759E5D234EDDD9003A94B1 /* Main.storyboard */; };
		96759E61234EDDDA003A94B1 /* Assets.xcassets in Resources */ = {isa = PBXBuildFile; fileRef = 96759E60234EDDDA003A94B1 /* Assets.xcassets */; };
		96759E64234EDDDA003A94B1 /* LaunchScreen.storyboard in Resources */ = {isa = PBXBuildFile; fileRef = 96759E62234EDDDA003A94B1 /* LaunchScreen.storyboard */; };
		96759E6C234EE6B7003A94B1 /* videoTest.mp4 in Resources */ = {isa = PBXBuildFile; fileRef = 96759E6B234EE160003A94B1 /* videoTest.mp4 */; };
		96759E6E234F0319003A94B1 /* love.mp4 in Resources */ = {isa = PBXBuildFile; fileRef = 96759E6D234F0309003A94B1 /* love.mp4 */; };
		96759E70234F03D1003A94B1 /* 1553595975720.mp4 in Resources */ = {isa = PBXBuildFile; fileRef = 96759E6F234F03C8003A94B1 /* 1553595975720.mp4 */; };
		96759E74234F11F0003A94B1 /* PlayVideoOnline.swift in Sources */ = {isa = PBXBuildFile; fileRef = 96759E73234F11F0003A94B1 /* PlayVideoOnline.swift */; };
		96759E76234F16FF003A94B1 /* lactroi.mp4 in Resources */ = {isa = PBXBuildFile; fileRef = 96759E75234F16C1003A94B1 /* lactroi.mp4 */; };
/* End PBXBuildFile section */

/* Begin PBXFileReference section */
		96759E56234EDDD8003A94B1 /* PlayVideoLocalDemo.app */ = {isa = PBXFileReference; explicitFileType = wrapper.application; includeInIndex = 0; path = PlayVideoLocalDemo.app; sourceTree = BUILT_PRODUCTS_DIR; };
		96759E59234EDDD8003A94B1 /* AppDelegate.swift */ = {isa = PBXFileReference; lastKnownFileType = sourcecode.swift; path = AppDelegate.swift; sourceTree = "<group>"; };
		96759E5B234EDDD9003A94B1 /* ViewController.swift */ = {isa = PBXFileReference; lastKnownFileType = sourcecode.swift; path = ViewController.swift; sourceTree = "<group>"; };
		96759E5E234EDDD9003A94B1 /* Base */ = {isa = PBXFileReference; lastKnownFileType = file.storyboard; name = Base; path = Base.lproj/Main.storyboard; sourceTree = "<group>"; };
		96759E60234EDDDA003A94B1 /* Assets.xcassets */ = {isa = PBXFileReference; lastKnownFileType = folder.assetcatalog; path = Assets.xcassets; sourceTree = "<group>"; };
		96759E63234EDDDA003A94B1 /* Base */ = {isa = PBXFileReference; lastKnownFileType = file.storyboard; name = Base; path = Base.lproj/LaunchScreen.storyboard; sourceTree = "<group>"; };
		96759E65234EDDDA003A94B1 /* Info.plist */ = {isa = PBXFileReference; lastKnownFileType = text.plist.xml; path = Info.plist; sourceTree = "<group>"; };
		96759E6B234EE160003A94B1 /* videoTest.mp4 */ = {isa = PBXFileReference; lastKnownFileType = file; path = videoTest.mp4; sourceTree = "<group>"; };
		96759E6D234F0309003A94B1 /* love.mp4 */ = {isa = PBXFileReference; lastKnownFileType = file; path = love.mp4; sourceTree = "<group>"; };
		96759E6F234F03C8003A94B1 /* 1553595975720.mp4 */ = {isa = PBXFileReference; lastKnownFileType = file; path = 1553595975720.mp4; sourceTree = "<group>"; };
		96759E73234F11F0003A94B1 /* PlayVideoOnline.swift */ = {isa = PBXFileReference; lastKnownFileType = sourcecode.swift; path = PlayVideoOnline.swift; sourceTree = "<group>"; };
		96759E75234F16C1003A94B1 /* lactroi.mp4 */ = {isa = PBXFileReference; lastKnownFileType = file; path = lactroi.mp4; sourceTree = "<group>"; };
/* End PBXFileReference section */

/* Begin PBXFrameworksBuildPhase section */
		96759E53234EDDD8003A94B1 /* Frameworks */ = {
			isa = PBXFrameworksBuildPhase;
			buildActionMask = 2147483647;
			files = (
			);
			runOnlyForDeploymentPostprocessing = 0;
		};
/* End PBXFrameworksBuildPhase section */

/* Begin PBXGroup section */
		96759E4D234EDDD8003A94B1 = {
			isa = PBXGroup;
			children = (
				96759E58234EDDD8003A94B1 /* PlayVideoLocalDemo */,
				96759E57234EDDD8003A94B1 /* Products */,
			);
			sourceTree = "<group>";
		};
		96759E57234EDDD8003A94B1 /* Products */ = {
			isa = PBXGroup;
			children = (
				96759E56234EDDD8003A94B1 /* PlayVideoLocalDemo.app */,
			);
			name = Products;
			sourceTree = "<group>";
		};
		96759E58234EDDD8003A94B1 /* PlayVideoLocalDemo */ = {
			isa = PBXGroup;
			children = (
				96759E59234EDDD8003A94B1 /* AppDelegate.swift */,
				96759E71234F117D003A94B1 /* PlayVideoInLocal */,
				96759E72234F119C003A94B1 /* PlayVideoOnline */,
				96759E5D234EDDD9003A94B1 /* Main.storyboard */,
				96759E60234EDDDA003A94B1 /* Assets.xcassets */,
				96759E62234EDDDA003A94B1 /* LaunchScreen.storyboard */,
				96759E65234EDDDA003A94B1 /* Info.plist */,
			);
			path = PlayVideoLocalDemo;
			sourceTree = "<group>";
		};
		96759E71234F117D003A94B1 /* PlayVideoInLocal */ = {
			isa = PBXGroup;
			children = (
				96759E5B234EDDD9003A94B1 /* ViewController.swift */,
				96759E6B234EE160003A94B1 /* videoTest.mp4 */,
				96759E6D234F0309003A94B1 /* love.mp4 */,
				96759E75234F16C1003A94B1 /* lactroi.mp4 */,
				96759E6F234F03C8003A94B1 /* 1553595975720.mp4 */,
			);
			path = PlayVideoInLocal;
			sourceTree = "<group>";
		};
		96759E72234F119C003A94B1 /* PlayVideoOnline */ = {
			isa = PBXGroup;
			children = (
				96759E73234F11F0003A94B1 /* PlayVideoOnline.swift */,
			);
			path = PlayVideoOnline;
			sourceTree = "<group>";
		};
/* End PBXGroup section */

/* Begin PBXNativeTarget section */
		96759E55234EDDD8003A94B1 /* PlayVideoLocalDemo */ = {
			isa = PBXNativeTarget;
			buildConfigurationList = 96759E68234EDDDA003A94B1 /* Build configuration list for PBXNativeTarget "PlayVideoLocalDemo" */;
			buildPhases = (
				96759E52234EDDD8003A94B1 /* Sources */,
				96759E53234EDDD8003A94B1 /* Frameworks */,
				96759E54234EDDD8003A94B1 /* Resources */,
			);
			buildRules = (
			);
			dependencies = (
			);
			name = PlayVideoLocalDemo;
			productName = PlayVideoLocalDemo;
			productReference = 96759E56234EDDD8003A94B1 /* PlayVideoLocalDemo.app */;
			productType = "com.apple.product-type.application";
		};
/* End PBXNativeTarget section */

/* Begin PBXProject section */
		96759E4E234EDDD8003A94B1 /* Project object */ = {
			isa = PBXProject;
			attributes = {
				LastSwiftUpdateCheck = 1010;
				LastUpgradeCheck = 1010;
				ORGANIZATIONNAME = "RTC-HN154";
				TargetAttributes = {
					96759E55234EDDD8003A94B1 = {
						CreatedOnToolsVersion = 10.1;
					};
				};
			};
			buildConfigurationList = 96759E51234EDDD8003A94B1 /* Build configuration list for PBXProject "PlayVideoLocalDemo" */;
			compatibilityVersion = "Xcode 9.3";
			developmentRegion = en;
			hasScannedForEncodings = 0;
			knownRegions = (
				en,
				Base,
			);
			mainGroup = 96759E4D234EDDD8003A94B1;
			productRefGroup = 96759E57234EDDD8003A94B1 /* Products */;
			projectDirPath = "";
			projectRoot = "";
			targets = (
				96759E55234EDDD8003A94B1 /* PlayVideoLocalDemo */,
			);
		};
/* End PBXProject section */

/* Begin PBXResourcesBuildPhase section */
		96759E54234EDDD8003A94B1 /* Resources */ = {
			isa = PBXResourcesBuildPhase;
			buildActionMask = 2147483647;
			files = (
				96759E76234F16FF003A94B1 /* lactroi.mp4 in Resources */,
				96759E70234F03D1003A94B1 /* 1553595975720.mp4 in Resources */,
				96759E6E234F0319003A94B1 /* love.mp4 in Resources */,
				96759E6C234EE6B7003A94B1 /* videoTest.mp4 in Resources */,
				96759E64234EDDDA003A94B1 /* LaunchScreen.storyboard in Resources */,
				96759E61234EDDDA003A94B1 /* Assets.xcassets in Resources */,
				96759E5F234EDDD9003A94B1 /* Main.storyboard in Resources */,
			);
			runOnlyForDeploymentPostprocessing = 0;
		};
/* End PBXResourcesBuildPhase section */

/* Begin PBXSourcesBuildPhase section */
		96759E52234EDDD8003A94B1 /* Sources */ = {
			isa = PBXSourcesBuildPhase;
			buildActionMask = 2147483647;
			files = (
				96759E5C234EDDD9003A94B1 /* ViewController.swift in Sources */,
				96759E5A234EDDD8003A94B1 /* AppDelegate.swift in Sources */,
				96759E74234F11F0003A94B1 /* PlayVideoOnline.swift in Sources */,
			);
			runOnlyForDeploymentPostprocessing = 0;
		};
/* End PBXSourcesBuildPhase section */

/* Begin PBXVariantGroup section */
		96759E5D234EDDD9003A94B1 /* Main.storyboard */ = {
			isa = PBXVariantGroup;
			children = (
				96759E5E234EDDD9003A94B1 /* Base */,
			);
			name = Main.storyboard;
			sourceTree = "<group>";
		};
		96759E62234EDDDA003A94B1 /* LaunchScreen.storyboard */ = {
			isa = PBXVariantGroup;
			children = (
				96759E63234EDDDA003A94B1 /* Base */,
			);
			name = LaunchScreen.storyboard;
			sourceTree = "<group>";
		};
/* End PBXVariantGroup section */

/* Begin XCBuildConfiguration section */
		96759E66234EDDDA003A94B1 /* Debug */ = {
			isa = XCBuildConfiguration;
			buildSettings = {
				ALWAYS_SEARCH_USER_PATHS = NO;
				CLANG_ANALYZER_NONNULL = YES;
				CLANG_ANALYZER_NUMBER_OBJECT_CONVERSION = YES_AGGRESSIVE;
				CLANG_CXX_LANGUAGE_STANDARD = "gnu++14";
				CLANG_CXX_LIBRARY = "libc++";
				CLANG_ENABLE_MODULES = YES;
				CLANG_ENABLE_OBJC_ARC = YES;
				CLANG_ENABLE_OBJC_WEAK = YES;
				CLANG_WARN_BLOCK_CAPTURE_AUTORELEASING = YES;
				CLANG_WARN_BOOL_CONVERSION = YES;
				CLANG_WARN_COMMA = YES;
				CLANG_WARN_CONSTANT_CONVERSION = YES;
				CLANG_WARN_DEPRECATED_OBJC_IMPLEMENTATIONS = YES;
				CLANG_WARN_DIRECT_OBJC_ISA_USAGE = YES_ERROR;
				CLANG_WARN_DOCUMENTATION_COMMENTS = YES;
				CLANG_WARN_EMPTY_BODY = YES;
				CLANG_WARN_ENUM_CONVERSION = YES;
				CLANG_WARN_INFINITE_RECURSION = YES;
				CLANG_WARN_INT_CONVERSION = YES;
				CLANG_WARN_NON_LITERAL_NULL_CONVERSION = YES;
				CLANG_WARN_OBJC_IMPLICIT_RETAIN_SELF = YES;
				CLANG_WARN_OBJC_LITERAL_CONVERSION = YES;
				CLANG_WARN_OBJC_ROOT_CLASS = YES_ERROR;
				CLANG_WARN_RANGE_LOOP_ANALYSIS = YES;
				CLANG_WARN_STRICT_PROTOTYPES = YES;
				CLANG_WARN_SUSPICIOUS_MOVE = YES;
				CLANG_WARN_UNGUARDED_AVAILABILITY = YES_AGGRESSIVE;
				CLANG_WARN_UNREACHABLE_CODE = YES;
				CLANG_WARN__DUPLICATE_METHOD_MATCH = YES;
				CODE_SIGN_IDENTITY = "iPhone Developer";
				COPY_PHASE_STRIP = NO;
				DEBUG_INFORMATION_FORMAT = dwarf;
				ENABLE_STRICT_OBJC_MSGSEND = YES;
				ENABLE_TESTABILITY = YES;
				GCC_C_LANGUAGE_STANDARD = gnu11;
				GCC_DYNAMIC_NO_PIC = NO;
				GCC_NO_COMMON_BLOCKS = YES;
				GCC_OPTIMIZATION_LEVEL = 0;
				GCC_PREPROCESSOR_DEFINITIONS = (
					"DEBUG=1",
					"$(inherited)",
				);
				GCC_WARN_64_TO_32_BIT_CONVERSION = YES;
				GCC_WARN_ABOUT_RETURN_TYPE = YES_ERROR;
				GCC_WARN_UNDECLARED_SELECTOR = YES;
				GCC_WARN_UNINITIALIZED_AUTOS = YES_AGGRESSIVE;
				GCC_WARN_UNUSED_FUNCTION = YES;
				GCC_WARN_UNUSED_VARIABLE = YES;
				IPHONEOS_DEPLOYMENT_TARGET = 12.1;
				MTL_ENABLE_DEBUG_INFO = INCLUDE_SOURCE;
				MTL_FAST_MATH = YES;
				ONLY_ACTIVE_ARCH = YES;
				SDKROOT = iphoneos;
				SWIFT_ACTIVE_COMPILATION_CONDITIONS = DEBUG;
				SWIFT_OPTIMIZATION_LEVEL = "-Onone";
			};
			name = Debug;
		};
		96759E67234EDDDA003A94B1 /* Release */ = {
			isa = XCBuildConfiguration;
			buildSettings = {
				ALWAYS_SEARCH_USER_PATHS = NO;
				CLANG_ANALYZER_NONNULL = YES;
				CLANG_ANALYZER_NUMBER_OBJECT_CONVERSION = YES_AGGRESSIVE;
				CLANG_CXX_LANGUAGE_STANDARD = "gnu++14";
				CLANG_CXX_LIBRARY = "libc++";
				CLANG_ENABLE_MODULES = YES;
				CLANG_ENABLE_OBJC_ARC = YES;
				CLANG_ENABLE_OBJC_WEAK = YES;
				CLANG_WARN_BLOCK_CAPTURE_AUTORELEASING = YES;
				CLANG_WARN_BOOL_CONVERSION = YES;
				CLANG_WARN_COMMA = YES;
				CLANG_WARN_CONSTANT_CONVERSION = YES;
				CLANG_WARN_DEPRECATED_OBJC_IMPLEMENTATIONS = YES;
				CLANG_WARN_DIRECT_OBJC_ISA_USAGE = YES_ERROR;
				CLANG_WARN_DOCUMENTATION_COMMENTS = YES;
				CLANG_WARN_EMPTY_BODY = YES;
				CLANG_WARN_ENUM_CONVERSION = YES;
				CLANG_WARN_INFINITE_RECURSION = YES;
				CLANG_WARN_INT_CONVERSION = YES;
				CLANG_WARN_NON_LITERAL_NULL_CONVERSION = YES;
				CLANG_WARN_OBJC_IMPLICIT_RETAIN_SELF = YES;
				CLANG_WARN_OBJC_LITERAL_CONVERSION = YES;
				CLANG_WARN_OBJC_ROOT_CLASS = YES_ERROR;
				CLANG_WARN_RANGE_LOOP_ANALYSIS = YES;
				CLANG_WARN_STRICT_PROTOTYPES = YES;
				CLANG_WARN_SUSPICIOUS_MOVE = YES;
				CLANG_WARN_UNGUARDED_AVAILABILITY = YES_AGGRESSIVE;
				CLANG_WARN_UNREACHABLE_CODE = YES;
				CLANG_WARN__DUPLICATE_METHOD_MATCH = YES;
				CODE_SIGN_IDENTITY = "iPhone Developer";
				COPY_PHASE_STRIP = NO;
				DEBUG_INFORMATION_FORMAT = "dwarf-with-dsym";
				ENABLE_NS_ASSERTIONS = NO;
				ENABLE_STRICT_OBJC_MSGSEND = YES;
				GCC_C_LANGUAGE_STANDARD = gnu11;
				GCC_NO_COMMON_BLOCKS = YES;
				GCC_WARN_64_TO_32_BIT_CONVERSION = YES;
				GCC_WARN_ABOUT_RETURN_TYPE = YES_ERROR;
				GCC_WARN_UNDECLARED_SELECTOR = YES;
				GCC_WARN_UNINITIALIZED_AUTOS = YES_AGGRESSIVE;
				GCC_WARN_UNUSED_FUNCTION = YES;
				GCC_WARN_UNUSED_VARIABLE = YES;
				IPHONEOS_DEPLOYMENT_TARGET = 12.1;
				MTL_ENABLE_DEBUG_INFO = NO;
				MTL_FAST_MATH = YES;
				SDKROOT = iphoneos;
				SWIFT_COMPILATION_MODE = wholemodule;
				SWIFT_OPTIMIZATION_LEVEL = "-O";
				VALIDATE_PRODUCT = YES;
			};
			name = Release;
		};
		96759E69234EDDDA003A94B1 /* Debug */ = {
			isa = XCBuildConfiguration;
			buildSettings = {
				ASSETCATALOG_COMPILER_APPICON_NAME = AppIcon;
				CODE_SIGN_STYLE = Automatic;
				INFOPLIST_FILE = PlayVideoLocalDemo/Info.plist;
				LD_RUNPATH_SEARCH_PATHS = (
					"$(inherited)",
					"@executable_path/Frameworks",
				);
				PRODUCT_BUNDLE_IDENTIFIER = "-.PlayVideoLocalDemo";
				PRODUCT_NAME = "$(TARGET_NAME)";
				SWIFT_VERSION = 4.2;
				TARGETED_DEVICE_FAMILY = "1,2";
			};
			name = Debug;
		};
		96759E6A234EDDDA003A94B1 /* Release */ = {
			isa = XCBuildConfiguration;
			buildSettings = {
				ASSETCATALOG_COMPILER_APPICON_NAME = AppIcon;
				CODE_SIGN_STYLE = Automatic;
				INFOPLIST_FILE = PlayVideoLocalDemo/Info.plist;
				LD_RUNPATH_SEARCH_PATHS = (
					"$(inherited)",
					"@executable_path/Frameworks",
				);
				PRODUCT_BUNDLE_IDENTIFIER = "-.PlayVideoLocalDemo";
				PRODUCT_NAME = "$(TARGET_NAME)";
				SWIFT_VERSION = 4.2;
				TARGETED_DEVICE_FAMILY = "1,2";
			};
			name = Release;
		};
/* End XCBuildConfiguration section */

/* Begin XCConfigurationList section */
		96759E51234EDDD8003A94B1 /* Build configuration list for PBXProject "PlayVideoLocalDemo" */ = {
			isa = XCConfigurationList;
			buildConfigurations = (
				96759E66234EDDDA003A94B1 /* Debug */,
				96759E67234EDDDA003A94B1 /* Release */,
			);
			defaultConfigurationIsVisible = 0;
			defaultConfigurationName = Release;
		};
		96759E68234EDDDA003A94B1 /* Build configuration list for PBXNativeTarget "PlayVideoLocalDemo" */ = {
			isa = XCConfigurationList;
			buildConfigurations = (
				96759E69234EDDDA003A94B1 /* Debug */,
				96759E6A234EDDDA003A94B1 /* Release */,
			);
			defaultConfigurationIsVisible = 0;
			defaultConfigurationName = Release;
		};
/* End XCConfigurationList section */
	};
	rootObject = 96759E4E234EDDD8003A94B1 /* Project object */;
}
